
Microsoft Visual Studio Solution File, Format Version 12.00
# Visual Studio Version 16
VisualStudioVersion = 16.0.29613.14
MinimumVisualStudioVersion = 10.0.40219.1
Project("{E24C65DC-7377-472B-9ABA-BC803B73C61A}") = "WD1", ".", "{2119525B-9776-4260-9009-7B68E9D0BB91}"
	ProjectSection(WebsiteProperties) = preProject
		TargetFrameworkMoniker = ".NETFramework,Version%3Dv4.0"
		Debug.AspNetCompiler.VirtualPath = "/localhost_62045"
		Debug.AspNetCompiler.PhysicalPath = "..\KU-KI\WD1\"
		Debug.AspNetCompiler.TargetPath = "PrecompiledWeb\localhost_62045\"
		Debug.AspNetCompiler.Updateable = "true"
		Debug.AspNetCompiler.ForceOverwrite = "true"
		Debug.AspNetCompiler.FixedNames = "false"
		Debug.AspNetCompiler.Debug = "True"
		Release.AspNetCompiler.VirtualPath = "/localhost_62045"
		Release.AspNetCompiler.PhysicalPath = "..\KU-KI\WD1\"
		Release.AspNetCompiler.TargetPath = "PrecompiledWeb\localhost_62045\"
		Release.AspNetCompiler.Updateable = "true"
		Release.AspNetCompiler.ForceOverwrite = "true"
		Release.AspNetCompiler.FixedNames = "false"
		Release.AspNetCompiler.Debug = "False"
		VWDPort = "62045"
	EndProjectSection
EndProject
Global
	GlobalSection(SolutionConfigurationPlatforms) = preSolution
		Debug|Any CPU = Debug|Any CPU
	EndGlobalSection
	GlobalSection(ProjectConfigurationPlatforms) = postSolution
		{2119525B-9776-4260-9009-7B68E9D0BB91}.Debug|Any CPU.ActiveCfg = Debug|Any CPU
		{2119525B-9776-4260-9009-7B68E9D0BB91}.Debug|Any CPU.Build.0 = Debug|Any CPU
	EndGlobalSection
	GlobalSection(SolutionProperties) = preSolution
		HideSolutionNode = FALSE
	EndGlobalSection
	GlobalSection(ExtensibilityGlobals) = postSolution
		SolutionGuid = {CCB709A1-0D3A-43B3-8858-6127EAF8AAA4}
	EndGlobalSection
EndGlobal
